
Microsoft Visual Studio Solution File, Format Version 12.00
# Visual Studio Version 17
VisualStudioVersion = 17.5.002.0
MinimumVisualStudioVersion = 10.0.40219.1
Project("{9A19103F-16F7-4668-BE54-9A1E7A4F7556}") = "DesafioPOO", "DesafioPOO.csproj", "{49963D3A-879C-4F41-A365-D54F0BA4E478}"
EndProject
Global
	GlobalSection(SolutionConfigurationPlatforms) = preSolution
		Debug|Any CPU = Debug|Any CPU
		Release|Any CPU = Release|Any CPU
	EndGlobalSection
	GlobalSection(ProjectConfigurationPlatforms) = postSolution
		{49963D3A-879C-4F41-A365-D54F0BA4E478}.Debug|Any CPU.ActiveCfg = Debug|Any CPU
		{49963D3A-879C-4F41-A365-D54F0BA4E478}.Debug|Any CPU.Build.0 = Debug|Any CPU
		{49963D3A-879C-4F41-A365-D54F0BA4E478}.Release|Any CPU.ActiveCfg = Release|Any CPU
		{49963D3A-879C-4F41-A365-D54F0BA4E478}.Release|Any CPU.Build.0 = Release|Any CPU
	EndGlobalSection
	GlobalSection(SolutionProperties) = preSolution
		HideSolutionNode = FALSE
	EndGlobalSection
	GlobalSection(ExtensibilityGlobals) = postSolution
		SolutionGuid = {DAD73F9B-A040-4149-98C2-5169C3FA4EFF}
	EndGlobalSection
EndGlobal
